
Microsoft Visual Studio Solution File, Format Version 12.00
# Visual Studio Version 17
VisualStudioVersion = 17.0.31423.177
MinimumVisualStudioVersion = 15.0.26124.0
Project("{9A19103F-16F7-4668-BE54-9A1E7A4F7556}") = "YuGet", "src\YuGet\YuGet.csproj", "{2466DA4E-60CD-48B0-B9C7-7C164830128B}"
EndProject
Project("{9A19103F-16F7-4668-BE54-9A1E7A4F7556}") = "YuGet.Ui", "src\YuGet.Ui\YuGet.Ui.csproj", "{58C8663F-860E-4982-B146-E64EF3E9F1A6}"
EndProject
Project("{9A19103F-16F7-4668-BE54-9A1E7A4F7556}") = "YuGet.Hosting", "src\YuGet.Hosting\YuGet.Hosting.csproj", "{8A7AFE3F-67E1-4C41-88CD-49B465A8E802}"
EndProject
Project("{9A19103F-16F7-4668-BE54-9A1E7A4F7556}") = "YuGet.Protocol", "src\YuGet.Protocol\YuGet.Protocol.csproj", "{E135A5B9-0144-4F02-A1B5-9E3D2CA828D8}"
EndProject
Project("{2150E333-8FDC-42A3-9474-1A3956D46DE8}") = "YuGet.Database", "YuGet.Database", "{427D8C31-E780-4717-81A6-B0E79D8277C2}"
EndProject
Project("{9A19103F-16F7-4668-BE54-9A1E7A4F7556}") = "YuGet.Database.Abstractions", "src\YuGet.Database\YuGet.Database.Abstractions\YuGet.Database.Abstractions.csproj", "{221C3541-BC23-424D-8B90-3AAF08E2D508}"
EndProject
Project("{9A19103F-16F7-4668-BE54-9A1E7A4F7556}") = "YuGet.Database.MySQL", "src\YuGet.Database\YuGet.Database.MySQL\YuGet.Database.MySQL.csproj", "{00A41272-F7B1-45A7-9AED-066A31473280}"
EndProject
Project("{9A19103F-16F7-4668-BE54-9A1E7A4F7556}") = "YuGet.Database.SQLite", "src\YuGet.Database\YuGet.Database.SQLite\YuGet.Database.SQLite.csproj", "{A3751F3A-5D02-497E-9BF2-D9C6AB6694CB}"
EndProject
Project("{9A19103F-16F7-4668-BE54-9A1E7A4F7556}") = "YuGet.Database.PostgreSQL", "src\YuGet.Database\YuGet.Database.PostgreSQL\YuGet.Database.PostgreSQL.csproj", "{DE5FBD51-F1E9-472D-BF90-62914E196362}"
EndProject
Project("{9A19103F-16F7-4668-BE54-9A1E7A4F7556}") = "YuGet.Database.SQLServer", "src\YuGet.Database\YuGet.Database.SQLServer\YuGet.Database.SQLServer.csproj", "{DBA4C9DD-7E1D-471D-B338-3366816E48D4}"
EndProject
Project("{2150E333-8FDC-42A3-9474-1A3956D46DE8}") = "YuGet.Storage", "YuGet.Storage", "{3CE972C1-16DF-4792-93ED-4F5039CBF884}"
EndProject
Project("{9A19103F-16F7-4668-BE54-9A1E7A4F7556}") = "YuGet.Storage.Abstractions", "src\YuGet.Storage\YuGet.Storage.Abstractions\YuGet.Storage.Abstractions.csproj", "{37BCA911-3278-4636-A1B2-24D0320B3FC7}"
EndProject
Project("{9A19103F-16F7-4668-BE54-9A1E7A4F7556}") = "Yuget.Storage.Aliyun", "src\YuGet.Storage\Yuget.Storage.Aliyun\Yuget.Storage.Aliyun.csproj", "{DA14F24C-1EB9-4852-BA87-090072B176A2}"
EndProject
Project("{FAE04EC0-301F-11D3-BF4B-00C04F79EFBC}") = "YuGet.Storage.AWS", "src\YuGet.Storage\YuGet.Storage.AWS\YuGet.Storage.AWS.csproj", "{881D7CA1-D65B-4EBC-AD01-E78EDEBBBD35}"
EndProject
Project("{FAE04EC0-301F-11D3-BF4B-00C04F79EFBC}") = "YuGet.Storage.Azure", "src\YuGet.Storage\YuGet.Storage.Azure\YuGet.Storage.Azure.csproj", "{7060565B-7D5F-4695-B8CD-4340D1733E0C}"
EndProject
Project("{9A19103F-16F7-4668-BE54-9A1E7A4F7556}") = "YuGet.Core", "src\YuGet.Core\YuGet.Core.csproj", "{5D327E9B-35F5-4023-BC3B-2802F5D16293}"
EndProject
Global
	GlobalSection(SolutionConfigurationPlatforms) = preSolution
		Debug|Any CPU = Debug|Any CPU
		Debug|x64 = Debug|x64
		Debug|x86 = Debug|x86
		Release|Any CPU = Release|Any CPU
		Release|x64 = Release|x64
		Release|x86 = Release|x86
	EndGlobalSection
	GlobalSection(ProjectConfigurationPlatforms) = postSolution
		{2466DA4E-60CD-48B0-B9C7-7C164830128B}.Debug|Any CPU.ActiveCfg = Debug|Any CPU
		{2466DA4E-60CD-48B0-B9C7-7C164830128B}.Debug|Any CPU.Build.0 = Debug|Any CPU
		{2466DA4E-60CD-48B0-B9C7-7C164830128B}.Debug|x64.ActiveCfg = Debug|Any CPU
		{2466DA4E-60CD-48B0-B9C7-7C164830128B}.Debug|x64.Build.0 = Debug|Any CPU
		{2466DA4E-60CD-48B0-B9C7-7C164830128B}.Debug|x86.ActiveCfg = Debug|Any CPU
		{2466DA4E-60CD-48B0-B9C7-7C164830128B}.Debug|x86.Build.0 = Debug|Any CPU
		{2466DA4E-60CD-48B0-B9C7-7C164830128B}.Release|Any CPU.ActiveCfg = Release|Any CPU
		{2466DA4E-60CD-48B0-B9C7-7C164830128B}.Release|Any CPU.Build.0 = Release|Any CPU
		{2466DA4E-60CD-48B0-B9C7-7C164830128B}.Release|x64.ActiveCfg = Release|Any CPU
		{2466DA4E-60CD-48B0-B9C7-7C164830128B}.Release|x64.Build.0 = Release|Any CPU
		{2466DA4E-60CD-48B0-B9C7-7C164830128B}.Release|x86.ActiveCfg = Release|Any CPU
		{2466DA4E-60CD-48B0-B9C7-7C164830128B}.Release|x86.Build.0 = Release|Any CPU
		{58C8663F-860E-4982-B146-E64EF3E9F1A6}.Debug|Any CPU.ActiveCfg = Debug|Any CPU
		{58C8663F-860E-4982-B146-E64EF3E9F1A6}.Debug|Any CPU.Build.0 = Debug|Any CPU
		{58C8663F-860E-4982-B146-E64EF3E9F1A6}.Debug|x64.ActiveCfg = Debug|Any CPU
		{58C8663F-860E-4982-B146-E64EF3E9F1A6}.Debug|x64.Build.0 = Debug|Any CPU
		{58C8663F-860E-4982-B146-E64EF3E9F1A6}.Debug|x86.ActiveCfg = Debug|Any CPU
		{58C8663F-860E-4982-B146-E64EF3E9F1A6}.Debug|x86.Build.0 = Debug|Any CPU
		{58C8663F-860E-4982-B146-E64EF3E9F1A6}.Release|Any CPU.ActiveCfg = Release|Any CPU
		{58C8663F-860E-4982-B146-E64EF3E9F1A6}.Release|Any CPU.Build.0 = Release|Any CPU
		{58C8663F-860E-4982-B146-E64EF3E9F1A6}.Release|x64.ActiveCfg = Release|Any CPU
		{58C8663F-860E-4982-B146-E64EF3E9F1A6}.Release|x64.Build.0 = Release|Any CPU
		{58C8663F-860E-4982-B146-E64EF3E9F1A6}.Release|x86.ActiveCfg = Release|Any CPU
		{58C8663F-860E-4982-B146-E64EF3E9F1A6}.Release|x86.Build.0 = Release|Any CPU
		{8A7AFE3F-67E1-4C41-88CD-49B465A8E802}.Debug|Any CPU.ActiveCfg = Debug|Any CPU
		{8A7AFE3F-67E1-4C41-88CD-49B465A8E802}.Debug|Any CPU.Build.0 = Debug|Any CPU
		{8A7AFE3F-67E1-4C41-88CD-49B465A8E802}.Debug|x64.ActiveCfg = Debug|Any CPU
		{8A7AFE3F-67E1-4C41-88CD-49B465A8E802}.Debug|x64.Build.0 = Debug|Any CPU
		{8A7AFE3F-67E1-4C41-88CD-49B465A8E802}.Debug|x86.ActiveCfg = Debug|Any CPU
		{8A7AFE3F-67E1-4C41-88CD-49B465A8E802}.Debug|x86.Build.0 = Debug|Any CPU
		{8A7AFE3F-67E1-4C41-88CD-49B465A8E802}.Release|Any CPU.ActiveCfg = Release|Any CPU
		{8A7AFE3F-67E1-4C41-88CD-49B465A8E802}.Release|Any CPU.Build.0 = Release|Any CPU
		{8A7AFE3F-67E1-4C41-88CD-49B465A8E802}.Release|x64.ActiveCfg = Release|Any CPU
		{8A7AFE3F-67E1-4C41-88CD-49B465A8E802}.Release|x64.Build.0 = Release|Any CPU
		{8A7AFE3F-67E1-4C41-88CD-49B465A8E802}.Release|x86.ActiveCfg = Release|Any CPU
		{8A7AFE3F-67E1-4C41-88CD-49B465A8E802}.Release|x86.Build.0 = Release|Any CPU
		{E135A5B9-0144-4F02-A1B5-9E3D2CA828D8}.Debug|Any CPU.ActiveCfg = Debug|Any CPU
		{E135A5B9-0144-4F02-A1B5-9E3D2CA828D8}.Debug|Any CPU.Build.0 = Debug|Any CPU
		{E135A5B9-0144-4F02-A1B5-9E3D2CA828D8}.Debug|x64.ActiveCfg = Debug|Any CPU
		{E135A5B9-0144-4F02-A1B5-9E3D2CA828D8}.Debug|x64.Build.0 = Debug|Any CPU
		{E135A5B9-0144-4F02-A1B5-9E3D2CA828D8}.Debug|x86.ActiveCfg = Debug|Any CPU
		{E135A5B9-0144-4F02-A1B5-9E3D2CA828D8}.Debug|x86.Build.0 = Debug|Any CPU
		{E135A5B9-0144-4F02-A1B5-9E3D2CA828D8}.Release|Any CPU.ActiveCfg = Release|Any CPU
		{E135A5B9-0144-4F02-A1B5-9E3D2CA828D8}.Release|Any CPU.Build.0 = Release|Any CPU
		{E135A5B9-0144-4F02-A1B5-9E3D2CA828D8}.Release|x64.ActiveCfg = Release|Any CPU
		{E135A5B9-0144-4F02-A1B5-9E3D2CA828D8}.Release|x64.Build.0 = Release|Any CPU
		{E135A5B9-0144-4F02-A1B5-9E3D2CA828D8}.Release|x86.ActiveCfg = Release|Any CPU
		{E135A5B9-0144-4F02-A1B5-9E3D2CA828D8}.Release|x86.Build.0 = Release|Any CPU
		{221C3541-BC23-424D-8B90-3AAF08E2D508}.Debug|Any CPU.ActiveCfg = Debug|Any CPU
		{221C3541-BC23-424D-8B90-3AAF08E2D508}.Debug|Any CPU.Build.0 = Debug|Any CPU
		{221C3541-BC23-424D-8B90-3AAF08E2D508}.Debug|x64.ActiveCfg = Debug|Any CPU
		{221C3541-BC23-424D-8B90-3AAF08E2D508}.Debug|x64.Build.0 = Debug|Any CPU
		{221C3541-BC23-424D-8B90-3AAF08E2D508}.Debug|x86.ActiveCfg = Debug|Any CPU
		{221C3541-BC23-424D-8B90-3AAF08E2D508}.Debug|x86.Build.0 = Debug|Any CPU
		{221C3541-BC23-424D-8B90-3AAF08E2D508}.Release|Any CPU.ActiveCfg = Release|Any CPU
		{221C3541-BC23-424D-8B90-3AAF08E2D508}.Release|Any CPU.Build.0 = Release|Any CPU
		{221C3541-BC23-424D-8B90-3AAF08E2D508}.Release|x64.ActiveCfg = Release|Any CPU
		{221C3541-BC23-424D-8B90-3AAF08E2D508}.Release|x64.Build.0 = Release|Any CPU
		{221C3541-BC23-424D-8B90-3AAF08E2D508}.Release|x86.ActiveCfg = Release|Any CPU
		{221C3541-BC23-424D-8B90-3AAF08E2D508}.Release|x86.Build.0 = Release|Any CPU
		{00A41272-F7B1-45A7-9AED-066A31473280}.Debug|Any CPU.ActiveCfg = Debug|Any CPU
		{00A41272-F7B1-45A7-9AED-066A31473280}.Debug|Any CPU.Build.0 = Debug|Any CPU
		{00A41272-F7B1-45A7-9AED-066A31473280}.Debug|x64.ActiveCfg = Debug|Any CPU
		{00A41272-F7B1-45A7-9AED-066A31473280}.Debug|x64.Build.0 = Debug|Any CPU
		{00A41272-F7B1-45A7-9AED-066A31473280}.Debug|x86.ActiveCfg = Debug|Any CPU
		{00A41272-F7B1-45A7-9AED-066A31473280}.Debug|x86.Build.0 = Debug|Any CPU
		{00A41272-F7B1-45A7-9AED-066A31473280}.Release|Any CPU.ActiveCfg = Release|Any CPU
		{00A41272-F7B1-45A7-9AED-066A31473280}.Release|Any CPU.Build.0 = Release|Any CPU
		{00A41272-F7B1-45A7-9AED-066A31473280}.Release|x64.ActiveCfg = Release|Any CPU
		{00A41272-F7B1-45A7-9AED-066A31473280}.Release|x64.Build.0 = Release|Any CPU
		{00A41272-F7B1-45A7-9AED-066A31473280}.Release|x86.ActiveCfg = Release|Any CPU
		{00A41272-F7B1-45A7-9AED-066A31473280}.Release|x86.Build.0 = Release|Any CPU
		{A3751F3A-5D02-497E-9BF2-D9C6AB6694CB}.Debug|Any CPU.ActiveCfg = Debug|Any CPU
		{A3751F3A-5D02-497E-9BF2-D9C6AB6694CB}.Debug|Any CPU.Build.0 = Debug|Any CPU
		{A3751F3A-5D02-497E-9BF2-D9C6AB6694CB}.Debug|x64.ActiveCfg = Debug|Any CPU
		{A3751F3A-5D02-497E-9BF2-D9C6AB6694CB}.Debug|x64.Build.0 = Debug|Any CPU
		{A3751F3A-5D02-497E-9BF2-D9C6AB6694CB}.Debug|x86.ActiveCfg = Debug|Any CPU
		{A3751F3A-5D02-497E-9BF2-D9C6AB6694CB}.Debug|x86.Build.0 = Debug|Any CPU
		{A3751F3A-5D02-497E-9BF2-D9C6AB6694CB}.Release|Any CPU.ActiveCfg = Release|Any CPU
		{A3751F3A-5D02-497E-9BF2-D9C6AB6694CB}.Release|Any CPU.Build.0 = Release|Any CPU
		{A3751F3A-5D02-497E-9BF2-D9C6AB6694CB}.Release|x64.ActiveCfg = Release|Any CPU
		{A3751F3A-5D02-497E-9BF2-D9C6AB6694CB}.Release|x64.Build.0 = Release|Any CPU
		{A3751F3A-5D02-497E-9BF2-D9C6AB6694CB}.Release|x86.ActiveCfg = Release|Any CPU
		{A3751F3A-5D02-497E-9BF2-D9C6AB6694CB}.Release|x86.Build.0 = Release|Any CPU
		{DE5FBD51-F1E9-472D-BF90-62914E196362}.Debug|Any CPU.ActiveCfg = Debug|Any CPU
		{DE5FBD51-F1E9-472D-BF90-62914E196362}.Debug|Any CPU.Build.0 = Debug|Any CPU
		{DE5FBD51-F1E9-472D-BF90-62914E196362}.Debug|x64.ActiveCfg = Debug|Any CPU
		{DE5FBD51-F1E9-472D-BF90-62914E196362}.Debug|x64.Build.0 = Debug|Any CPU
		{DE5FBD51-F1E9-472D-BF90-62914E196362}.Debug|x86.ActiveCfg = Debug|Any CPU
		{DE5FBD51-F1E9-472D-BF90-62914E196362}.Debug|x86.Build.0 = Debug|Any CPU
		{DE5FBD51-F1E9-472D-BF90-62914E196362}.Release|Any CPU.ActiveCfg = Release|Any CPU
		{DE5FBD51-F1E9-472D-BF90-62914E196362}.Release|Any CPU.Build.0 = Release|Any CPU
		{DE5FBD51-F1E9-472D-BF90-62914E196362}.Release|x64.ActiveCfg = Release|Any CPU
		{DE5FBD51-F1E9-472D-BF90-62914E196362}.Release|x64.Build.0 = Release|Any CPU
		{DE5FBD51-F1E9-472D-BF90-62914E196362}.Release|x86.ActiveCfg = Release|Any CPU
		{DE5FBD51-F1E9-472D-BF90-62914E196362}.Release|x86.Build.0 = Release|Any CPU
		{DBA4C9DD-7E1D-471D-B338-3366816E48D4}.Debug|Any CPU.ActiveCfg = Debug|Any CPU
		{DBA4C9DD-7E1D-471D-B338-3366816E48D4}.Debug|Any CPU.Build.0 = Debug|Any CPU
		{DBA4C9DD-7E1D-471D-B338-3366816E48D4}.Debug|x64.ActiveCfg = Debug|Any CPU
		{DBA4C9DD-7E1D-471D-B338-3366816E48D4}.Debug|x64.Build.0 = Debug|Any CPU
		{DBA4C9DD-7E1D-471D-B338-3366816E48D4}.Debug|x86.ActiveCfg = Debug|Any CPU
		{DBA4C9DD-7E1D-471D-B338-3366816E48D4}.Debug|x86.Build.0 = Debug|Any CPU
		{DBA4C9DD-7E1D-471D-B338-3366816E48D4}.Release|Any CPU.ActiveCfg = Release|Any CPU
		{DBA4C9DD-7E1D-471D-B338-3366816E48D4}.Release|Any CPU.Build.0 = Release|Any CPU
		{DBA4C9DD-7E1D-471D-B338-3366816E48D4}.Release|x64.ActiveCfg = Release|Any CPU
		{DBA4C9DD-7E1D-471D-B338-3366816E48D4}.Release|x64.Build.0 = Release|Any CPU
		{DBA4C9DD-7E1D-471D-B338-3366816E48D4}.Release|x86.ActiveCfg = Release|Any CPU
		{DBA4C9DD-7E1D-471D-B338-3366816E48D4}.Release|x86.Build.0 = Release|Any CPU
		{37BCA911-3278-4636-A1B2-24D0320B3FC7}.Debug|Any CPU.ActiveCfg = Debug|Any CPU
		{37BCA911-3278-4636-A1B2-24D0320B3FC7}.Debug|Any CPU.Build.0 = Debug|Any CPU
		{37BCA911-3278-4636-A1B2-24D0320B3FC7}.Debug|x64.ActiveCfg = Debug|Any CPU
		{37BCA911-3278-4636-A1B2-24D0320B3FC7}.Debug|x64.Build.0 = Debug|Any CPU
		{37BCA911-3278-4636-A1B2-24D0320B3FC7}.Debug|x86.ActiveCfg = Debug|Any CPU
		{37BCA911-3278-4636-A1B2-24D0320B3FC7}.Debug|x86.Build.0 = Debug|Any CPU
		{37BCA911-3278-4636-A1B2-24D0320B3FC7}.Release|Any CPU.ActiveCfg = Release|Any CPU
		{37BCA911-3278-4636-A1B2-24D0320B3FC7}.Release|Any CPU.Build.0 = Release|Any CPU
		{37BCA911-3278-4636-A1B2-24D0320B3FC7}.Release|x64.ActiveCfg = Release|Any CPU
		{37BCA911-3278-4636-A1B2-24D0320B3FC7}.Release|x64.Build.0 = Release|Any CPU
		{37BCA911-3278-4636-A1B2-24D0320B3FC7}.Release|x86.ActiveCfg = Release|Any CPU
		{37BCA911-3278-4636-A1B2-24D0320B3FC7}.Release|x86.Build.0 = Release|Any CPU
		{DA14F24C-1EB9-4852-BA87-090072B176A2}.Debug|Any CPU.ActiveCfg = Debug|Any CPU
		{DA14F24C-1EB9-4852-BA87-090072B176A2}.Debug|Any CPU.Build.0 = Debug|Any CPU
		{DA14F24C-1EB9-4852-BA87-090072B176A2}.Debug|x64.ActiveCfg = Debug|Any CPU
		{DA14F24C-1EB9-4852-BA87-090072B176A2}.Debug|x64.Build.0 = Debug|Any CPU
		{DA14F24C-1EB9-4852-BA87-090072B176A2}.Debug|x86.ActiveCfg = Debug|Any CPU
		{DA14F24C-1EB9-4852-BA87-090072B176A2}.Debug|x86.Build.0 = Debug|Any CPU
		{DA14F24C-1EB9-4852-BA87-090072B176A2}.Release|Any CPU.ActiveCfg = Release|Any CPU
		{DA14F24C-1EB9-4852-BA87-090072B176A2}.Release|Any CPU.Build.0 = Release|Any CPU
		{DA14F24C-1EB9-4852-BA87-090072B176A2}.Release|x64.ActiveCfg = Release|Any CPU
		{DA14F24C-1EB9-4852-BA87-090072B176A2}.Release|x64.Build.0 = Release|Any CPU
		{DA14F24C-1EB9-4852-BA87-090072B176A2}.Release|x86.ActiveCfg = Release|Any CPU
		{DA14F24C-1EB9-4852-BA87-090072B176A2}.Release|x86.Build.0 = Release|Any CPU
		{881D7CA1-D65B-4EBC-AD01-E78EDEBBBD35}.Debug|Any CPU.ActiveCfg = Debug|Any CPU
		{881D7CA1-D65B-4EBC-AD01-E78EDEBBBD35}.Debug|Any CPU.Build.0 = Debug|Any CPU
		{881D7CA1-D65B-4EBC-AD01-E78EDEBBBD35}.Debug|x64.ActiveCfg = Debug|Any CPU
		{881D7CA1-D65B-4EBC-AD01-E78EDEBBBD35}.Debug|x64.Build.0 = Debug|Any CPU
		{881D7CA1-D65B-4EBC-AD01-E78EDEBBBD35}.Debug|x86.ActiveCfg = Debug|Any CPU
		{881D7CA1-D65B-4EBC-AD01-E78EDEBBBD35}.Debug|x86.Build.0 = Debug|Any CPU
		{881D7CA1-D65B-4EBC-AD01-E78EDEBBBD35}.Release|Any CPU.ActiveCfg = Release|Any CPU
		{881D7CA1-D65B-4EBC-AD01-E78EDEBBBD35}.Release|Any CPU.Build.0 = Release|Any CPU
		{881D7CA1-D65B-4EBC-AD01-E78EDEBBBD35}.Release|x64.ActiveCfg = Release|Any CPU
		{881D7CA1-D65B-4EBC-AD01-E78EDEBBBD35}.Release|x64.Build.0 = Release|Any CPU
		{881D7CA1-D65B-4EBC-AD01-E78EDEBBBD35}.Release|x86.ActiveCfg = Release|Any CPU
		{881D7CA1-D65B-4EBC-AD01-E78EDEBBBD35}.Release|x86.Build.0 = Release|Any CPU
		{7060565B-7D5F-4695-B8CD-4340D1733E0C}.Debug|Any CPU.ActiveCfg = Debug|Any CPU
		{7060565B-7D5F-4695-B8CD-4340D1733E0C}.Debug|Any CPU.Build.0 = Debug|Any CPU
		{7060565B-7D5F-4695-B8CD-4340D1733E0C}.Debug|x64.ActiveCfg = Debug|Any CPU
		{7060565B-7D5F-4695-B8CD-4340D1733E0C}.Debug|x64.Build.0 = Debug|Any CPU
		{7060565B-7D5F-4695-B8CD-4340D1733E0C}.Debug|x86.ActiveCfg = Debug|Any CPU
		{7060565B-7D5F-4695-B8CD-4340D1733E0C}.Debug|x86.Build.0 = Debug|Any CPU
		{7060565B-7D5F-4695-B8CD-4340D1733E0C}.Release|Any CPU.ActiveCfg = Release|Any CPU
		{7060565B-7D5F-4695-B8CD-4340D1733E0C}.Release|Any CPU.Build.0 = Release|Any CPU
		{7060565B-7D5F-4695-B8CD-4340D1733E0C}.Release|x64.ActiveCfg = Release|Any CPU
		{7060565B-7D5F-4695-B8CD-4340D1733E0C}.Release|x64.Build.0 = Release|Any CPU
		{7060565B-7D5F-4695-B8CD-4340D1733E0C}.Release|x86.ActiveCfg = Release|Any CPU
		{7060565B-7D5F-4695-B8CD-4340D1733E0C}.Release|x86.Build.0 = Release|Any CPU
		{5D327E9B-35F5-4023-BC3B-2802F5D16293}.Debug|Any CPU.ActiveCfg = Debug|Any CPU
		{5D327E9B-35F5-4023-BC3B-2802F5D16293}.Debug|Any CPU.Build.0 = Debug|Any CPU
		{5D327E9B-35F5-4023-BC3B-2802F5D16293}.Debug|x64.ActiveCfg = Debug|Any CPU
		{5D327E9B-35F5-4023-BC3B-2802F5D16293}.Debug|x64.Build.0 = Debug|Any CPU
		{5D327E9B-35F5-4023-BC3B-2802F5D16293}.Debug|x86.ActiveCfg = Debug|Any CPU
		{5D327E9B-35F5-4023-BC3B-2802F5D16293}.Debug|x86.Build.0 = Debug|Any CPU
		{5D327E9B-35F5-4023-BC3B-2802F5D16293}.Release|Any CPU.ActiveCfg = Release|Any CPU
		{5D327E9B-35F5-4023-BC3B-2802F5D16293}.Release|Any CPU.Build.0 = Release|Any CPU
		{5D327E9B-35F5-4023-BC3B-2802F5D16293}.Release|x64.ActiveCfg = Release|Any CPU
		{5D327E9B-35F5-4023-BC3B-2802F5D16293}.Release|x64.Build.0 = Release|Any CPU
		{5D327E9B-35F5-4023-BC3B-2802F5D16293}.Release|x86.ActiveCfg = Release|Any CPU
		{5D327E9B-35F5-4023-BC3B-2802F5D16293}.Release|x86.Build.0 = Release|Any CPU
	EndGlobalSection
	GlobalSection(SolutionProperties) = preSolution
		HideSolutionNode = FALSE
	EndGlobalSection
	GlobalSection(NestedProjects) = preSolution
		{221C3541-BC23-424D-8B90-3AAF08E2D508} = {427D8C31-E780-4717-81A6-B0E79D8277C2}
		{00A41272-F7B1-45A7-9AED-066A31473280} = {427D8C31-E780-4717-81A6-B0E79D8277C2}
		{A3751F3A-5D02-497E-9BF2-D9C6AB6694CB} = {427D8C31-E780-4717-81A6-B0E79D8277C2}
		{DE5FBD51-F1E9-472D-BF90-62914E196362} = {427D8C31-E780-4717-81A6-B0E79D8277C2}
		{DBA4C9DD-7E1D-471D-B338-3366816E48D4} = {427D8C31-E780-4717-81A6-B0E79D8277C2}
		{37BCA911-3278-4636-A1B2-24D0320B3FC7} = {3CE972C1-16DF-4792-93ED-4F5039CBF884}
		{DA14F24C-1EB9-4852-BA87-090072B176A2} = {3CE972C1-16DF-4792-93ED-4F5039CBF884}
		{881D7CA1-D65B-4EBC-AD01-E78EDEBBBD35} = {3CE972C1-16DF-4792-93ED-4F5039CBF884}
		{7060565B-7D5F-4695-B8CD-4340D1733E0C} = {3CE972C1-16DF-4792-93ED-4F5039CBF884}
	EndGlobalSection
	GlobalSection(ExtensibilityGlobals) = postSolution
		SolutionGuid = {E15CEB91-C7C1-4C1B-B855-85ED2310B8A2}
	EndGlobalSection
EndGlobal
