
Microsoft Visual Studio Solution File, Format Version 12.00
# Visual Studio Version 16
VisualStudioVersion = 16.0.30907.101
MinimumVisualStudioVersion = 15.0.26124.0
Project("{2150E333-8FDC-42A3-9474-1A3956D46DE8}") = "src", "src", "{8AE53A34-2F81-4ADD-AC7F-63C73606987D}"
EndProject
Project("{9A19103F-16F7-4668-BE54-9A1E7A4F7556}") = "YuGet", "src\YuGet\YuGet.csproj", "{2466DA4E-60CD-48B0-B9C7-7C164830128B}"
EndProject
Project("{9A19103F-16F7-4668-BE54-9A1E7A4F7556}") = "YuGet.Database", "src\YuGet.Database\YuGet.Database.csproj", "{488F25E9-6681-49E7-88D5-7307D634FFE7}"
EndProject
Project("{9A19103F-16F7-4668-BE54-9A1E7A4F7556}") = "YuGet.Ui", "src\YuGet.Ui\YuGet.Ui.csproj", "{58C8663F-860E-4982-B146-E64EF3E9F1A6}"
EndProject
Project("{9A19103F-16F7-4668-BE54-9A1E7A4F7556}") = "YuGet.Base", "src\YuGet.Base\YuGet.Base.csproj", "{A85F3A34-E675-44FE-9116-7F72641DF19B}"
EndProject
Project("{9A19103F-16F7-4668-BE54-9A1E7A4F7556}") = "YuGet.Hosting", "src\YuGet.Hosting\YuGet.Hosting.csproj", "{8A7AFE3F-67E1-4C41-88CD-49B465A8E802}"
EndProject
Global
	GlobalSection(SolutionConfigurationPlatforms) = preSolution
		Debug|Any CPU = Debug|Any CPU
		Debug|x64 = Debug|x64
		Debug|x86 = Debug|x86
		Release|Any CPU = Release|Any CPU
		Release|x64 = Release|x64
		Release|x86 = Release|x86
	EndGlobalSection
	GlobalSection(ProjectConfigurationPlatforms) = postSolution
		{2466DA4E-60CD-48B0-B9C7-7C164830128B}.Debug|Any CPU.ActiveCfg = Debug|Any CPU
		{2466DA4E-60CD-48B0-B9C7-7C164830128B}.Debug|Any CPU.Build.0 = Debug|Any CPU
		{2466DA4E-60CD-48B0-B9C7-7C164830128B}.Debug|x64.ActiveCfg = Debug|Any CPU
		{2466DA4E-60CD-48B0-B9C7-7C164830128B}.Debug|x64.Build.0 = Debug|Any CPU
		{2466DA4E-60CD-48B0-B9C7-7C164830128B}.Debug|x86.ActiveCfg = Debug|Any CPU
		{2466DA4E-60CD-48B0-B9C7-7C164830128B}.Debug|x86.Build.0 = Debug|Any CPU
		{2466DA4E-60CD-48B0-B9C7-7C164830128B}.Release|Any CPU.ActiveCfg = Release|Any CPU
		{2466DA4E-60CD-48B0-B9C7-7C164830128B}.Release|Any CPU.Build.0 = Release|Any CPU
		{2466DA4E-60CD-48B0-B9C7-7C164830128B}.Release|x64.ActiveCfg = Release|Any CPU
		{2466DA4E-60CD-48B0-B9C7-7C164830128B}.Release|x64.Build.0 = Release|Any CPU
		{2466DA4E-60CD-48B0-B9C7-7C164830128B}.Release|x86.ActiveCfg = Release|Any CPU
		{2466DA4E-60CD-48B0-B9C7-7C164830128B}.Release|x86.Build.0 = Release|Any CPU
		{488F25E9-6681-49E7-88D5-7307D634FFE7}.Debug|Any CPU.ActiveCfg = Debug|Any CPU
		{488F25E9-6681-49E7-88D5-7307D634FFE7}.Debug|Any CPU.Build.0 = Debug|Any CPU
		{488F25E9-6681-49E7-88D5-7307D634FFE7}.Debug|x64.ActiveCfg = Debug|Any CPU
		{488F25E9-6681-49E7-88D5-7307D634FFE7}.Debug|x64.Build.0 = Debug|Any CPU
		{488F25E9-6681-49E7-88D5-7307D634FFE7}.Debug|x86.ActiveCfg = Debug|Any CPU
		{488F25E9-6681-49E7-88D5-7307D634FFE7}.Debug|x86.Build.0 = Debug|Any CPU
		{488F25E9-6681-49E7-88D5-7307D634FFE7}.Release|Any CPU.ActiveCfg = Release|Any CPU
		{488F25E9-6681-49E7-88D5-7307D634FFE7}.Release|Any CPU.Build.0 = Release|Any CPU
		{488F25E9-6681-49E7-88D5-7307D634FFE7}.Release|x64.ActiveCfg = Release|Any CPU
		{488F25E9-6681-49E7-88D5-7307D634FFE7}.Release|x64.Build.0 = Release|Any CPU
		{488F25E9-6681-49E7-88D5-7307D634FFE7}.Release|x86.ActiveCfg = Release|Any CPU
		{488F25E9-6681-49E7-88D5-7307D634FFE7}.Release|x86.Build.0 = Release|Any CPU
		{58C8663F-860E-4982-B146-E64EF3E9F1A6}.Debug|Any CPU.ActiveCfg = Debug|Any CPU
		{58C8663F-860E-4982-B146-E64EF3E9F1A6}.Debug|Any CPU.Build.0 = Debug|Any CPU
		{58C8663F-860E-4982-B146-E64EF3E9F1A6}.Debug|x64.ActiveCfg = Debug|Any CPU
		{58C8663F-860E-4982-B146-E64EF3E9F1A6}.Debug|x64.Build.0 = Debug|Any CPU
		{58C8663F-860E-4982-B146-E64EF3E9F1A6}.Debug|x86.ActiveCfg = Debug|Any CPU
		{58C8663F-860E-4982-B146-E64EF3E9F1A6}.Debug|x86.Build.0 = Debug|Any CPU
		{58C8663F-860E-4982-B146-E64EF3E9F1A6}.Release|Any CPU.ActiveCfg = Release|Any CPU
		{58C8663F-860E-4982-B146-E64EF3E9F1A6}.Release|Any CPU.Build.0 = Release|Any CPU
		{58C8663F-860E-4982-B146-E64EF3E9F1A6}.Release|x64.ActiveCfg = Release|Any CPU
		{58C8663F-860E-4982-B146-E64EF3E9F1A6}.Release|x64.Build.0 = Release|Any CPU
		{58C8663F-860E-4982-B146-E64EF3E9F1A6}.Release|x86.ActiveCfg = Release|Any CPU
		{58C8663F-860E-4982-B146-E64EF3E9F1A6}.Release|x86.Build.0 = Release|Any CPU
		{A85F3A34-E675-44FE-9116-7F72641DF19B}.Debug|Any CPU.ActiveCfg = Debug|Any CPU
		{A85F3A34-E675-44FE-9116-7F72641DF19B}.Debug|Any CPU.Build.0 = Debug|Any CPU
		{A85F3A34-E675-44FE-9116-7F72641DF19B}.Debug|x64.ActiveCfg = Debug|Any CPU
		{A85F3A34-E675-44FE-9116-7F72641DF19B}.Debug|x64.Build.0 = Debug|Any CPU
		{A85F3A34-E675-44FE-9116-7F72641DF19B}.Debug|x86.ActiveCfg = Debug|Any CPU
		{A85F3A34-E675-44FE-9116-7F72641DF19B}.Debug|x86.Build.0 = Debug|Any CPU
		{A85F3A34-E675-44FE-9116-7F72641DF19B}.Release|Any CPU.ActiveCfg = Release|Any CPU
		{A85F3A34-E675-44FE-9116-7F72641DF19B}.Release|Any CPU.Build.0 = Release|Any CPU
		{A85F3A34-E675-44FE-9116-7F72641DF19B}.Release|x64.ActiveCfg = Release|Any CPU
		{A85F3A34-E675-44FE-9116-7F72641DF19B}.Release|x64.Build.0 = Release|Any CPU
		{A85F3A34-E675-44FE-9116-7F72641DF19B}.Release|x86.ActiveCfg = Release|Any CPU
		{A85F3A34-E675-44FE-9116-7F72641DF19B}.Release|x86.Build.0 = Release|Any CPU
		{8A7AFE3F-67E1-4C41-88CD-49B465A8E802}.Debug|Any CPU.ActiveCfg = Debug|Any CPU
		{8A7AFE3F-67E1-4C41-88CD-49B465A8E802}.Debug|Any CPU.Build.0 = Debug|Any CPU
		{8A7AFE3F-67E1-4C41-88CD-49B465A8E802}.Debug|x64.ActiveCfg = Debug|Any CPU
		{8A7AFE3F-67E1-4C41-88CD-49B465A8E802}.Debug|x64.Build.0 = Debug|Any CPU
		{8A7AFE3F-67E1-4C41-88CD-49B465A8E802}.Debug|x86.ActiveCfg = Debug|Any CPU
		{8A7AFE3F-67E1-4C41-88CD-49B465A8E802}.Debug|x86.Build.0 = Debug|Any CPU
		{8A7AFE3F-67E1-4C41-88CD-49B465A8E802}.Release|Any CPU.ActiveCfg = Release|Any CPU
		{8A7AFE3F-67E1-4C41-88CD-49B465A8E802}.Release|Any CPU.Build.0 = Release|Any CPU
		{8A7AFE3F-67E1-4C41-88CD-49B465A8E802}.Release|x64.ActiveCfg = Release|Any CPU
		{8A7AFE3F-67E1-4C41-88CD-49B465A8E802}.Release|x64.Build.0 = Release|Any CPU
		{8A7AFE3F-67E1-4C41-88CD-49B465A8E802}.Release|x86.ActiveCfg = Release|Any CPU
		{8A7AFE3F-67E1-4C41-88CD-49B465A8E802}.Release|x86.Build.0 = Release|Any CPU
	EndGlobalSection
	GlobalSection(SolutionProperties) = preSolution
		HideSolutionNode = FALSE
	EndGlobalSection
	GlobalSection(NestedProjects) = preSolution
		{2466DA4E-60CD-48B0-B9C7-7C164830128B} = {8AE53A34-2F81-4ADD-AC7F-63C73606987D}
		{488F25E9-6681-49E7-88D5-7307D634FFE7} = {8AE53A34-2F81-4ADD-AC7F-63C73606987D}
		{58C8663F-860E-4982-B146-E64EF3E9F1A6} = {8AE53A34-2F81-4ADD-AC7F-63C73606987D}
		{A85F3A34-E675-44FE-9116-7F72641DF19B} = {8AE53A34-2F81-4ADD-AC7F-63C73606987D}
		{8A7AFE3F-67E1-4C41-88CD-49B465A8E802} = {8AE53A34-2F81-4ADD-AC7F-63C73606987D}
	EndGlobalSection
	GlobalSection(ExtensibilityGlobals) = postSolution
		SolutionGuid = {E15CEB91-C7C1-4C1B-B855-85ED2310B8A2}
	EndGlobalSection
EndGlobal
